// !$*UTF8*$!
{
	archiveVersion = 1;
	classes = {
	};
	objectVersion = 46;
	objects = {

/* Begin PBXBuildFile section */
		B202E34418ACB44300AAA50C /* libGoogleAdMobAds.a in Frameworks */ = {isa = PBXBuildFile; fileRef = B202E34218ACB44300AAA50C /* libGoogleAdMobAds.a */; };
		B202E34518ACB44300AAA50C /* README.txt in Resources */ = {isa = PBXBuildFile; fileRef = B202E34318ACB44300AAA50C /* README.txt */; };
		B202E34918ACB8B100AAA50C /* AdSupport.framework in Frameworks */ = {isa = PBXBuildFile; fileRef = B2B7E38318ACADFF00CA353F /* AdSupport.framework */; };
		B202E34B18ACB8BD00AAA50C /* CoreTelephony.framework in Frameworks */ = {isa = PBXBuildFile; fileRef = B202E34A18ACB8BD00AAA50C /* CoreTelephony.framework */; };
		B2057061189F7A1600B698F4 /* AudioToolbox.framework in Frameworks */ = {isa = PBXBuildFile; fileRef = B2057060189F7A1600B698F4 /* AudioToolbox.framework */; };
		B2057063189F7A2100B698F4 /* MessageUI.framework in Frameworks */ = {isa = PBXBuildFile; fileRef = B2057062189F7A2100B698F4 /* MessageUI.framework */; };
		B2057065189F7A2F00B698F4 /* SystemConfiguration.framework in Frameworks */ = {isa = PBXBuildFile; fileRef = B2057064189F7A2F00B698F4 /* SystemConfiguration.framework */; };
		B24F01C818AE844100658A45 /* banner.png in Resources */ = {isa = PBXBuildFile; fileRef = B24F01C718AE844100658A45 /* banner.png */; };
		B24F01CA18AE865D00658A45 /* navigationbar.png in Resources */ = {isa = PBXBuildFile; fileRef = B24F01C918AE865D00658A45 /* navigationbar.png */; };
		B294F37B189EAA7700DE661F /* Media.xcassets in Resources */ = {isa = PBXBuildFile; fileRef = B294F37A189EAA7700DE661F /* Media.xcassets */; };
		B294F380189EAB2400DE661F /* settings.png in Resources */ = {isa = PBXBuildFile; fileRef = B294F37F189EAB2400DE661F /* settings.png */; };
		B2ADA9FA18AEA09100432F1C /* 1.jpg in Resources */ = {isa = PBXBuildFile; fileRef = B2ADA9E218AEA09100432F1C /* 1.jpg */; };
		B2ADA9FB18AEA09100432F1C /* 2.jpg in Resources */ = {isa = PBXBuildFile; fileRef = B2ADA9E318AEA09100432F1C /* 2.jpg */; };
		B2ADA9FC18AEA09100432F1C /* 3.jpg in Resources */ = {isa = PBXBuildFile; fileRef = B2ADA9E418AEA09100432F1C /* 3.jpg */; };
		B2ADA9FD18AEA09100432F1C /* 4.jpg in Resources */ = {isa = PBXBuildFile; fileRef = B2ADA9E518AEA09100432F1C /* 4.jpg */; };
		B2ADA9FE18AEA09100432F1C /* 5.jpg in Resources */ = {isa = PBXBuildFile; fileRef = B2ADA9E618AEA09100432F1C /* 5.jpg */; };
		B2ADA9FF18AEA09100432F1C /* 6.jpg in Resources */ = {isa = PBXBuildFile; fileRef = B2ADA9E718AEA09100432F1C /* 6.jpg */; };
		B2ADAA0018AEA09100432F1C /* 7.jpg in Resources */ = {isa = PBXBuildFile; fileRef = B2ADA9E818AEA09100432F1C /* 7.jpg */; };
		B2ADAA0118AEA09100432F1C /* 8.jpg in Resources */ = {isa = PBXBuildFile; fileRef = B2ADA9E918AEA09100432F1C /* 8.jpg */; };
		B2ADAA0218AEA09100432F1C /* 9.jpg in Resources */ = {isa = PBXBuildFile; fileRef = B2ADA9EA18AEA09100432F1C /* 9.jpg */; };
		B2ADAA0318AEA09100432F1C /* 10.jpg in Resources */ = {isa = PBXBuildFile; fileRef = B2ADA9EB18AEA09100432F1C /* 10.jpg */; };
		B2ADAA0418AEA09100432F1C /* 11.jpg in Resources */ = {isa = PBXBuildFile; fileRef = B2ADA9EC18AEA09100432F1C /* 11.jpg */; };
		B2ADAA0518AEA09100432F1C /* 12.jpg in Resources */ = {isa = PBXBuildFile; fileRef = B2ADA9ED18AEA09100432F1C /* 12.jpg */; };
		B2ADAA0618AEA09100432F1C /* 13.jpg in Resources */ = {isa = PBXBuildFile; fileRef = B2ADA9EE18AEA09100432F1C /* 13.jpg */; };
		B2ADAA0718AEA09100432F1C /* 14.jpg in Resources */ = {isa = PBXBuildFile; fileRef = B2ADA9EF18AEA09100432F1C /* 14.jpg */; };
		B2ADAA0818AEA09100432F1C /* 15.jpg in Resources */ = {isa = PBXBuildFile; fileRef = B2ADA9F018AEA09100432F1C /* 15.jpg */; };
		B2ADAA0918AEA09100432F1C /* 16.jpg in Resources */ = {isa = PBXBuildFile; fileRef = B2ADA9F118AEA09100432F1C /* 16.jpg */; };
		B2ADAA0A18AEA09100432F1C /* 17.jpg in Resources */ = {isa = PBXBuildFile; fileRef = B2ADA9F218AEA09100432F1C /* 17.jpg */; };
		B2ADAA0B18AEA09100432F1C /* 18.jpg in Resources */ = {isa = PBXBuildFile; fileRef = B2ADA9F318AEA09100432F1C /* 18.jpg */; };
		B2ADAA0C18AEA09100432F1C /* 19.jpg in Resources */ = {isa = PBXBuildFile; fileRef = B2ADA9F418AEA09100432F1C /* 19.jpg */; };
		B2ADAA0D18AEA09100432F1C /* 20.jpg in Resources */ = {isa = PBXBuildFile; fileRef = B2ADA9F518AEA09100432F1C /* 20.jpg */; };
		B2ADAA0E18AEA09100432F1C /* 21.jpg in Resources */ = {isa = PBXBuildFile; fileRef = B2ADA9F618AEA09100432F1C /* 21.jpg */; };
		B2ADAA0F18AEA09100432F1C /* 22.jpg in Resources */ = {isa = PBXBuildFile; fileRef = B2ADA9F718AEA09100432F1C /* 22.jpg */; };
		B2ADAA1018AEA09100432F1C /* 23.jpg in Resources */ = {isa = PBXBuildFile; fileRef = B2ADA9F818AEA09100432F1C /* 23.jpg */; };
		B2ADAA1118AEA09100432F1C /* 24.jpg in Resources */ = {isa = PBXBuildFile; fileRef = B2ADA9F918AEA09100432F1C /* 24.jpg */; };
		B2ADAA1318AF9F3100432F1C /* StoreKit.framework in Frameworks */ = {isa = PBXBuildFile; fileRef = B2ADAA1218AF9F3100432F1C /* StoreKit.framework */; };
		B2B7E37018ACABC400CA353F /* QuartzCore.framework in Frameworks */ = {isa = PBXBuildFile; fileRef = B2F35B37189E74F100EE5107 /* QuartzCore.framework */; };
		B2B7E37318ACAD0400CA353F /* libMobClickLibrary.a in Frameworks */ = {isa = PBXBuildFile; fileRef = B2B7E37218ACAD0400CA353F /* libMobClickLibrary.a */; };
		B2B7E37418ACAD1000CA353F /* libz.dylib in Frameworks */ = {isa = PBXBuildFile; fileRef = B2F35B32189E6AEE00EE5107 /* libz.dylib */; };
		B2B7E38618ACAE1000CA353F /* AVFoundation.framework in Frameworks */ = {isa = PBXBuildFile; fileRef = B2B7E38518ACAE1000CA353F /* AVFoundation.framework */; };
		B2D66519189D657A005982F6 /* Foundation.framework in Frameworks */ = {isa = PBXBuildFile; fileRef = B2D66518189D657A005982F6 /* Foundation.framework */; };
		B2D6651B189D657A005982F6 /* CoreGraphics.framework in Frameworks */ = {isa = PBXBuildFile; fileRef = B2D6651A189D657A005982F6 /* CoreGraphics.framework */; };
		B2D6651D189D657A005982F6 /* UIKit.framework in Frameworks */ = {isa = PBXBuildFile; fileRef = B2D6651C189D657A005982F6 /* UIKit.framework */; };
		B2D66525189D657A005982F6 /* main.m in Sources */ = {isa = PBXBuildFile; fileRef = B2D66524189D657A005982F6 /* main.m */; };
		B2D66529189D657A005982F6 /* AppDelegate.m in Sources */ = {isa = PBXBuildFile; fileRef = B2D66528189D657A005982F6 /* AppDelegate.m */; };
		B2D6652C189D657A005982F6 /* Main.storyboard in Resources */ = {isa = PBXBuildFile; fileRef = B2D6652A189D657A005982F6 /* Main.storyboard */; };
		B2D66531189D657A005982F6 /* Images.xcassets in Resources */ = {isa = PBXBuildFile; fileRef = B2D66530189D657A005982F6 /* Images.xcassets */; };
		B2D66555189D6ACA005982F6 /* ArticleManager.m in Sources */ = {isa = PBXBuildFile; fileRef = B2D66554189D6ACA005982F6 /* ArticleManager.m */; };
		B2D66558189D6BF9005982F6 /* SettingsViewController.m in Sources */ = {isa = PBXBuildFile; fileRef = B2D66557189D6BF9005982F6 /* SettingsViewController.m */; };
		B2D6655B189D6D60005982F6 /* ArticleListViewController.m in Sources */ = {isa = PBXBuildFile; fileRef = B2D6655A189D6D60005982F6 /* ArticleListViewController.m */; };
		B2D6656B189D7AE6005982F6 /* Article.m in Sources */ = {isa = PBXBuildFile; fileRef = B2D6656A189D7AE6005982F6 /* Article.m */; };
		B2D6656E189E200F005982F6 /* ArticleDetailViewController.m in Sources */ = {isa = PBXBuildFile; fileRef = B2D6656D189E200F005982F6 /* ArticleDetailViewController.m */; };
		B2D665A0189E2794005982F6 /* 1.txt in Resources */ = {isa = PBXBuildFile; fileRef = B2D66570189E2794005982F6 /* 1.txt */; };
		B2D665A2189E2794005982F6 /* 2.txt in Resources */ = {isa = PBXBuildFile; fileRef = B2D66572189E2794005982F6 /* 2.txt */; };
		B2D665A4189E2794005982F6 /* 3.txt in Resources */ = {isa = PBXBuildFile; fileRef = B2D66574189E2794005982F6 /* 3.txt */; };
		B2D665A6189E2794005982F6 /* 4.txt in Resources */ = {isa = PBXBuildFile; fileRef = B2D66576189E2794005982F6 /* 4.txt */; };
		B2D665A8189E2794005982F6 /* 5.txt in Resources */ = {isa = PBXBuildFile; fileRef = B2D66578189E2794005982F6 /* 5.txt */; };
		B2D665AA189E2794005982F6 /* 6.txt in Resources */ = {isa = PBXBuildFile; fileRef = B2D6657A189E2794005982F6 /* 6.txt */; };
		B2D665AC189E2794005982F6 /* 7.txt in Resources */ = {isa = PBXBuildFile; fileRef = B2D6657C189E2794005982F6 /* 7.txt */; };
		B2D665AE189E2794005982F6 /* 8.txt in Resources */ = {isa = PBXBuildFile; fileRef = B2D6657E189E2794005982F6 /* 8.txt */; };
		B2D665B0189E2794005982F6 /* 9.txt in Resources */ = {isa = PBXBuildFile; fileRef = B2D66580189E2794005982F6 /* 9.txt */; };
		B2D665B2189E2794005982F6 /* 10.txt in Resources */ = {isa = PBXBuildFile; fileRef = B2D66582189E2794005982F6 /* 10.txt */; };
		B2D665B4189E2794005982F6 /* 11.txt in Resources */ = {isa = PBXBuildFile; fileRef = B2D66584189E2794005982F6 /* 11.txt */; };
		B2D665B6189E2794005982F6 /* 12.txt in Resources */ = {isa = PBXBuildFile; fileRef = B2D66586189E2794005982F6 /* 12.txt */; };
		B2D665B8189E2794005982F6 /* 13.txt in Resources */ = {isa = PBXBuildFile; fileRef = B2D66588189E2794005982F6 /* 13.txt */; };
		B2D665BA189E2794005982F6 /* 14.txt in Resources */ = {isa = PBXBuildFile; fileRef = B2D6658A189E2794005982F6 /* 14.txt */; };
		B2D665BC189E2794005982F6 /* 15.txt in Resources */ = {isa = PBXBuildFile; fileRef = B2D6658C189E2794005982F6 /* 15.txt */; };
		B2D665BE189E2794005982F6 /* 16.txt in Resources */ = {isa = PBXBuildFile; fileRef = B2D6658E189E2794005982F6 /* 16.txt */; };
		B2D665C0189E2794005982F6 /* 17.txt in Resources */ = {isa = PBXBuildFile; fileRef = B2D66590189E2794005982F6 /* 17.txt */; };
		B2D665C2189E2794005982F6 /* 18.txt in Resources */ = {isa = PBXBuildFile; fileRef = B2D66592189E2794005982F6 /* 18.txt */; };
		B2D665C4189E2794005982F6 /* 19.txt in Resources */ = {isa = PBXBuildFile; fileRef = B2D66594189E2794005982F6 /* 19.txt */; };
		B2D665C6189E2794005982F6 /* 20.txt in Resources */ = {isa = PBXBuildFile; fileRef = B2D66596189E2794005982F6 /* 20.txt */; };
		B2D665C8189E2794005982F6 /* 21.txt in Resources */ = {isa = PBXBuildFile; fileRef = B2D66598189E2794005982F6 /* 21.txt */; };
		B2D665CA189E2794005982F6 /* 22.txt in Resources */ = {isa = PBXBuildFile; fileRef = B2D6659A189E2794005982F6 /* 22.txt */; };
		B2D665CC189E2794005982F6 /* 23.txt in Resources */ = {isa = PBXBuildFile; fileRef = B2D6659C189E2794005982F6 /* 23.txt */; };
		B2D665CE189E2794005982F6 /* 24.txt in Resources */ = {isa = PBXBuildFile; fileRef = B2D6659E189E2794005982F6 /* 24.txt */; };
/* End PBXBuildFile section */

/* Begin PBXFileReference section */
		B202E33918ACB44300AAA50C /* GADAdMobExtras.h */ = {isa = PBXFileReference; fileEncoding = 4; lastKnownFileType = sourcecode.c.h; path = GADAdMobExtras.h; sourceTree = "<group>"; };
		B202E33A18ACB44300AAA50C /* GADAdNetworkExtras.h */ = {isa = PBXFileReference; fileEncoding = 4; lastKnownFileType = sourcecode.c.h; path = GADAdNetworkExtras.h; sourceTree = "<group>"; };
		B202E33B18ACB44300AAA50C /* GADAdSize.h */ = {isa = PBXFileReference; fileEncoding = 4; lastKnownFileType = sourcecode.c.h; path = GADAdSize.h; sourceTree = "<group>"; };
		B202E33C18ACB44300AAA50C /* GADBannerView.h */ = {isa = PBXFileReference; fileEncoding = 4; lastKnownFileType = sourcecode.c.h; path = GADBannerView.h; sourceTree = "<group>"; };
		B202E33D18ACB44300AAA50C /* GADBannerViewDelegate.h */ = {isa = PBXFileReference; fileEncoding = 4; lastKnownFileType = sourcecode.c.h; path = GADBannerViewDelegate.h; sourceTree = "<group>"; };
		B202E33E18ACB44300AAA50C /* GADInterstitial.h */ = {isa = PBXFileReference; fileEncoding = 4; lastKnownFileType = sourcecode.c.h; path = GADInterstitial.h; sourceTree = "<group>"; };
		B202E33F18ACB44300AAA50C /* GADInterstitialDelegate.h */ = {isa = PBXFileReference; fileEncoding = 4; lastKnownFileType = sourcecode.c.h; path = GADInterstitialDelegate.h; sourceTree = "<group>"; };
		B202E34018ACB44300AAA50C /* GADRequest.h */ = {isa = PBXFileReference; fileEncoding = 4; lastKnownFileType = sourcecode.c.h; path = GADRequest.h; sourceTree = "<group>"; };
		B202E34118ACB44300AAA50C /* GADRequestError.h */ = {isa = PBXFileReference; fileEncoding = 4; lastKnownFileType = sourcecode.c.h; path = GADRequestError.h; sourceTree = "<group>"; };
		B202E34218ACB44300AAA50C /* libGoogleAdMobAds.a */ = {isa = PBXFileReference; lastKnownFileType = archive.ar; path = libGoogleAdMobAds.a; sourceTree = "<group>"; };
		B202E34318ACB44300AAA50C /* README.txt */ = {isa = PBXFileReference; fileEncoding = 4; lastKnownFileType = text; path = README.txt; sourceTree = "<group>"; };
		B202E34618ACB80000AAA50C /* CoreData.framework */ = {isa = PBXFileReference; lastKnownFileType = wrapper.framework; name = CoreData.framework; path = System/Library/Frameworks/CoreData.framework; sourceTree = SDKROOT; };
		B202E34A18ACB8BD00AAA50C /* CoreTelephony.framework */ = {isa = PBXFileReference; lastKnownFileType = wrapper.framework; name = CoreTelephony.framework; path = System/Library/Frameworks/CoreTelephony.framework; sourceTree = SDKROOT; };
		B2057060189F7A1600B698F4 /* AudioToolbox.framework */ = {isa = PBXFileReference; lastKnownFileType = wrapper.framework; name = AudioToolbox.framework; path = System/Library/Frameworks/AudioToolbox.framework; sourceTree = SDKROOT; };
		B2057062189F7A2100B698F4 /* MessageUI.framework */ = {isa = PBXFileReference; lastKnownFileType = wrapper.framework; name = MessageUI.framework; path = System/Library/Frameworks/MessageUI.framework; sourceTree = SDKROOT; };
		B2057064189F7A2F00B698F4 /* SystemConfiguration.framework */ = {isa = PBXFileReference; lastKnownFileType = wrapper.framework; name = SystemConfiguration.framework; path = System/Library/Frameworks/SystemConfiguration.framework; sourceTree = SDKROOT; };
		B24F01C718AE844100658A45 /* banner.png */ = {isa = PBXFileReference; lastKnownFileType = image.png; path = banner.png; sourceTree = "<group>"; };
		B24F01C918AE865D00658A45 /* navigationbar.png */ = {isa = PBXFileReference; lastKnownFileType = image.png; path = navigationbar.png; sourceTree = "<group>"; };
		B294F37A189EAA7700DE661F /* Media.xcassets */ = {isa = PBXFileReference; lastKnownFileType = folder.assetcatalog; path = Media.xcassets; sourceTree = "<group>"; };
		B294F37F189EAB2400DE661F /* settings.png */ = {isa = PBXFileReference; lastKnownFileType = image.png; path = settings.png; sourceTree = "<group>"; };
		B2ADA9E218AEA09100432F1C /* 1.jpg */ = {isa = PBXFileReference; lastKnownFileType = image.jpeg; path = 1.jpg; sourceTree = "<group>"; };
		B2ADA9E318AEA09100432F1C /* 2.jpg */ = {isa = PBXFileReference; lastKnownFileType = image.jpeg; path = 2.jpg; sourceTree = "<group>"; };
		B2ADA9E418AEA09100432F1C /* 3.jpg */ = {isa = PBXFileReference; lastKnownFileType = image.jpeg; path = 3.jpg; sourceTree = "<group>"; };
		B2ADA9E518AEA09100432F1C /* 4.jpg */ = {isa = PBXFileReference; lastKnownFileType = image.jpeg; path = 4.jpg; sourceTree = "<group>"; };
		B2ADA9E618AEA09100432F1C /* 5.jpg */ = {isa = PBXFileReference; lastKnownFileType = image.jpeg; path = 5.jpg; sourceTree = "<group>"; };
		B2ADA9E718AEA09100432F1C /* 6.jpg */ = {isa = PBXFileReference; lastKnownFileType = image.jpeg; path = 6.jpg; sourceTree = "<group>"; };
		B2ADA9E818AEA09100432F1C /* 7.jpg */ = {isa = PBXFileReference; lastKnownFileType = image.jpeg; path = 7.jpg; sourceTree = "<group>"; };
		B2ADA9E918AEA09100432F1C /* 8.jpg */ = {isa = PBXFileReference; lastKnownFileType = image.jpeg; path = 8.jpg; sourceTree = "<group>"; };
		B2ADA9EA18AEA09100432F1C /* 9.jpg */ = {isa = PBXFileReference; lastKnownFileType = image.jpeg; path = 9.jpg; sourceTree = "<group>"; };
		B2ADA9EB18AEA09100432F1C /* 10.jpg */ = {isa = PBXFileReference; lastKnownFileType = image.jpeg; path = 10.jpg; sourceTree = "<group>"; };
		B2ADA9EC18AEA09100432F1C /* 11.jpg */ = {isa = PBXFileReference; lastKnownFileType = image.jpeg; path = 11.jpg; sourceTree = "<group>"; };
		B2ADA9ED18AEA09100432F1C /* 12.jpg */ = {isa = PBXFileReference; lastKnownFileType = image.jpeg; path = 12.jpg; sourceTree = "<group>"; };
		B2ADA9EE18AEA09100432F1C /* 13.jpg */ = {isa = PBXFileReference; lastKnownFileType = image.jpeg; path = 13.jpg; sourceTree = "<group>"; };
		B2ADA9EF18AEA09100432F1C /* 14.jpg */ = {isa = PBXFileReference; lastKnownFileType = image.jpeg; path = 14.jpg; sourceTree = "<group>"; };
		B2ADA9F018AEA09100432F1C /* 15.jpg */ = {isa = PBXFileReference; lastKnownFileType = image.jpeg; path = 15.jpg; sourceTree = "<group>"; };
		B2ADA9F118AEA09100432F1C /* 16.jpg */ = {isa = PBXFileReference; lastKnownFileType = image.jpeg; path = 16.jpg; sourceTree = "<group>"; };
		B2ADA9F218AEA09100432F1C /* 17.jpg */ = {isa = PBXFileReference; lastKnownFileType = image.jpeg; path = 17.jpg; sourceTree = "<group>"; };
		B2ADA9F318AEA09100432F1C /* 18.jpg */ = {isa = PBXFileReference; lastKnownFileType = image.jpeg; path = 18.jpg; sourceTree = "<group>"; };
		B2ADA9F418AEA09100432F1C /* 19.jpg */ = {isa = PBXFileReference; lastKnownFileType = image.jpeg; path = 19.jpg; sourceTree = "<group>"; };
		B2ADA9F518AEA09100432F1C /* 20.jpg */ = {isa = PBXFileReference; lastKnownFileType = image.jpeg; path = 20.jpg; sourceTree = "<group>"; };
		B2ADA9F618AEA09100432F1C /* 21.jpg */ = {isa = PBXFileReference; lastKnownFileType = image.jpeg; path = 21.jpg; sourceTree = "<group>"; };
		B2ADA9F718AEA09100432F1C /* 22.jpg */ = {isa = PBXFileReference; lastKnownFileType = image.jpeg; path = 22.jpg; sourceTree = "<group>"; };
		B2ADA9F818AEA09100432F1C /* 23.jpg */ = {isa = PBXFileReference; lastKnownFileType = image.jpeg; path = 23.jpg; sourceTree = "<group>"; };
		B2ADA9F918AEA09100432F1C /* 24.jpg */ = {isa = PBXFileReference; lastKnownFileType = image.jpeg; path = 24.jpg; sourceTree = "<group>"; };
		B2ADAA1218AF9F3100432F1C /* StoreKit.framework */ = {isa = PBXFileReference; lastKnownFileType = wrapper.framework; name = StoreKit.framework; path = System/Library/Frameworks/StoreKit.framework; sourceTree = SDKROOT; };
		B2ADAA1618AFD1B100432F1C /* zh-Hans */ = {isa = PBXFileReference; lastKnownFileType = text.plist.strings; name = "zh-Hans"; path = "zh-Hans.lproj/Main.strings"; sourceTree = "<group>"; };
		B2B7E37118ACACFC00CA353F /* MobClick.h */ = {isa = PBXFileReference; lastKnownFileType = sourcecode.c.h; path = MobClick.h; sourceTree = "<group>"; };
		B2B7E37218ACAD0400CA353F /* libMobClickLibrary.a */ = {isa = PBXFileReference; lastKnownFileType = archive.ar; path = libMobClickLibrary.a; sourceTree = "<group>"; };
		B2B7E38318ACADFF00CA353F /* AdSupport.framework */ = {isa = PBXFileReference; lastKnownFileType = wrapper.framework; name = AdSupport.framework; path = System/Library/Frameworks/AdSupport.framework; sourceTree = SDKROOT; };
		B2B7E38518ACAE1000CA353F /* AVFoundation.framework */ = {isa = PBXFileReference; lastKnownFileType = wrapper.framework; name = AVFoundation.framework; path = System/Library/Frameworks/AVFoundation.framework; sourceTree = SDKROOT; };
		B2D66515189D657A005982F6 /* Kengdie2.app */ = {isa = PBXFileReference; explicitFileType = wrapper.application; includeInIndex = 0; path = Kengdie2.app; sourceTree = BUILT_PRODUCTS_DIR; };
		B2D66518189D657A005982F6 /* Foundation.framework */ = {isa = PBXFileReference; lastKnownFileType = wrapper.framework; name = Foundation.framework; path = System/Library/Frameworks/Foundation.framework; sourceTree = SDKROOT; };
		B2D6651A189D657A005982F6 /* CoreGraphics.framework */ = {isa = PBXFileReference; lastKnownFileType = wrapper.framework; name = CoreGraphics.framework; path = System/Library/Frameworks/CoreGraphics.framework; sourceTree = SDKROOT; };
		B2D6651C189D657A005982F6 /* UIKit.framework */ = {isa = PBXFileReference; lastKnownFileType = wrapper.framework; name = UIKit.framework; path = System/Library/Frameworks/UIKit.framework; sourceTree = SDKROOT; };
		B2D66520189D657A005982F6 /* Kengdie2-Info.plist */ = {isa = PBXFileReference; lastKnownFileType = text.plist.xml; path = "Kengdie2-Info.plist"; sourceTree = "<group>"; };
		B2D66524189D657A005982F6 /* main.m */ = {isa = PBXFileReference; lastKnownFileType = sourcecode.c.objc; path = main.m; sourceTree = "<group>"; };
		B2D66526189D657A005982F6 /* Kengdie2-Prefix.pch */ = {isa = PBXFileReference; lastKnownFileType = sourcecode.c.h; path = "Kengdie2-Prefix.pch"; sourceTree = "<group>"; };
		B2D66527189D657A005982F6 /* AppDelegate.h */ = {isa = PBXFileReference; lastKnownFileType = sourcecode.c.h; path = AppDelegate.h; sourceTree = "<group>"; };
		B2D66528189D657A005982F6 /* AppDelegate.m */ = {isa = PBXFileReference; lastKnownFileType = sourcecode.c.objc; path = AppDelegate.m; sourceTree = "<group>"; };
		B2D6652B189D657A005982F6 /* Base */ = {isa = PBXFileReference; lastKnownFileType = file.storyboard; name = Base; path = Base.lproj/Main.storyboard; sourceTree = "<group>"; };
		B2D66530189D657A005982F6 /* Images.xcassets */ = {isa = PBXFileReference; lastKnownFileType = folder.assetcatalog; path = Images.xcassets; sourceTree = "<group>"; };
		B2D66537189D657A005982F6 /* XCTest.framework */ = {isa = PBXFileReference; lastKnownFileType = wrapper.framework; name = XCTest.framework; path = Library/Frameworks/XCTest.framework; sourceTree = DEVELOPER_DIR; };
		B2D66553189D6ACA005982F6 /* ArticleManager.h */ = {isa = PBXFileReference; fileEncoding = 4; lastKnownFileType = sourcecode.c.h; path = ArticleManager.h; sourceTree = "<group>"; };
		B2D66554189D6ACA005982F6 /* ArticleManager.m */ = {isa = PBXFileReference; fileEncoding = 4; lastKnownFileType = sourcecode.c.objc; path = ArticleManager.m; sourceTree = "<group>"; };
		B2D66556189D6BF9005982F6 /* SettingsViewController.h */ = {isa = PBXFileReference; fileEncoding = 4; lastKnownFileType = sourcecode.c.h; path = SettingsViewController.h; sourceTree = "<group>"; };
		B2D66557189D6BF9005982F6 /* SettingsViewController.m */ = {isa = PBXFileReference; fileEncoding = 4; lastKnownFileType = sourcecode.c.objc; path = SettingsViewController.m; sourceTree = "<group>"; };
		B2D66559189D6D60005982F6 /* ArticleListViewController.h */ = {isa = PBXFileReference; fileEncoding = 4; lastKnownFileType = sourcecode.c.h; path = ArticleListViewController.h; sourceTree = "<group>"; };
		B2D6655A189D6D60005982F6 /* ArticleListViewController.m */ = {isa = PBXFileReference; fileEncoding = 4; lastKnownFileType = sourcecode.c.objc; path = ArticleListViewController.m; sourceTree = "<group>"; };
		B2D66569189D7AE6005982F6 /* Article.h */ = {isa = PBXFileReference; fileEncoding = 4; lastKnownFileType = sourcecode.c.h; path = Article.h; sourceTree = "<group>"; };
		B2D6656A189D7AE6005982F6 /* Article.m */ = {isa = PBXFileReference; fileEncoding = 4; lastKnownFileType = sourcecode.c.objc; path = Article.m; sourceTree = "<group>"; };
		B2D6656C189E200F005982F6 /* ArticleDetailViewController.h */ = {isa = PBXFileReference; fileEncoding = 4; lastKnownFileType = sourcecode.c.h; path = ArticleDetailViewController.h; sourceTree = "<group>"; };
		B2D6656D189E200F005982F6 /* ArticleDetailViewController.m */ = {isa = PBXFileReference; fileEncoding = 4; lastKnownFileType = sourcecode.c.objc; path = ArticleDetailViewController.m; sourceTree = "<group>"; };
		B2D66570189E2794005982F6 /* 1.txt */ = {isa = PBXFileReference; fileEncoding = 4; lastKnownFileType = text; path = 1.txt; sourceTree = "<group>"; };
		B2D66572189E2794005982F6 /* 2.txt */ = {isa = PBXFileReference; fileEncoding = 4; lastKnownFileType = text; path = 2.txt; sourceTree = "<group>"; };
		B2D66574189E2794005982F6 /* 3.txt */ = {isa = PBXFileReference; fileEncoding = 4; lastKnownFileType = text; path = 3.txt; sourceTree = "<group>"; };
		B2D66576189E2794005982F6 /* 4.txt */ = {isa = PBXFileReference; fileEncoding = 4; lastKnownFileType = text; path = 4.txt; sourceTree = "<group>"; };
		B2D66578189E2794005982F6 /* 5.txt */ = {isa = PBXFileReference; fileEncoding = 4; lastKnownFileType = text; path = 5.txt; sourceTree = "<group>"; };
		B2D6657A189E2794005982F6 /* 6.txt */ = {isa = PBXFileReference; fileEncoding = 4; lastKnownFileType = text; path = 6.txt; sourceTree = "<group>"; };
		B2D6657C189E2794005982F6 /* 7.txt */ = {isa = PBXFileReference; fileEncoding = 4; lastKnownFileType = text; path = 7.txt; sourceTree = "<group>"; };
		B2D6657E189E2794005982F6 /* 8.txt */ = {isa = PBXFileReference; fileEncoding = 4; lastKnownFileType = text; path = 8.txt; sourceTree = "<group>"; };
		B2D66580189E2794005982F6 /* 9.txt */ = {isa = PBXFileReference; fileEncoding = 4; lastKnownFileType = text; path = 9.txt; sourceTree = "<group>"; };
		B2D66582189E2794005982F6 /* 10.txt */ = {isa = PBXFileReference; fileEncoding = 4; lastKnownFileType = text; path = 10.txt; sourceTree = "<group>"; };
		B2D66584189E2794005982F6 /* 11.txt */ = {isa = PBXFileReference; fileEncoding = 4; lastKnownFileType = text; path = 11.txt; sourceTree = "<group>"; };
		B2D66586189E2794005982F6 /* 12.txt */ = {isa = PBXFileReference; fileEncoding = 4; lastKnownFileType = text; path = 12.txt; sourceTree = "<group>"; };
		B2D66588189E2794005982F6 /* 13.txt */ = {isa = PBXFileReference; fileEncoding = 4; lastKnownFileType = text; path = 13.txt; sourceTree = "<group>"; };
		B2D6658A189E2794005982F6 /* 14.txt */ = {isa = PBXFileReference; fileEncoding = 4; lastKnownFileType = text; path = 14.txt; sourceTree = "<group>"; };
		B2D6658C189E2794005982F6 /* 15.txt */ = {isa = PBXFileReference; fileEncoding = 4; lastKnownFileType = text; path = 15.txt; sourceTree = "<group>"; };
		B2D6658E189E2794005982F6 /* 16.txt */ = {isa = PBXFileReference; fileEncoding = 4; lastKnownFileType = text; path = 16.txt; sourceTree = "<group>"; };
		B2D66590189E2794005982F6 /* 17.txt */ = {isa = PBXFileReference; fileEncoding = 4; lastKnownFileType = text; path = 17.txt; sourceTree = "<group>"; };
		B2D66592189E2794005982F6 /* 18.txt */ = {isa = PBXFileReference; fileEncoding = 4; lastKnownFileType = text; path = 18.txt; sourceTree = "<group>"; };
		B2D66594189E2794005982F6 /* 19.txt */ = {isa = PBXFileReference; fileEncoding = 4; lastKnownFileType = text; path = 19.txt; sourceTree = "<group>"; };
		B2D66596189E2794005982F6 /* 20.txt */ = {isa = PBXFileReference; fileEncoding = 4; lastKnownFileType = text; path = 20.txt; sourceTree = "<group>"; };
		B2D66598189E2794005982F6 /* 21.txt */ = {isa = PBXFileReference; fileEncoding = 4; lastKnownFileType = text; path = 21.txt; sourceTree = "<group>"; };
		B2D6659A189E2794005982F6 /* 22.txt */ = {isa = PBXFileReference; fileEncoding = 4; lastKnownFileType = text; path = 22.txt; sourceTree = "<group>"; };
		B2D6659C189E2794005982F6 /* 23.txt */ = {isa = PBXFileReference; fileEncoding = 4; lastKnownFileType = text; path = 23.txt; sourceTree = "<group>"; };
		B2D6659E189E2794005982F6 /* 24.txt */ = {isa = PBXFileReference; fileEncoding = 4; lastKnownFileType = text; path = 24.txt; sourceTree = "<group>"; };
		B2F35B30189E68C600EE5107 /* libMobileGestalt.dylib */ = {isa = PBXFileReference; lastKnownFileType = "compiled.mach-o.dylib"; name = libMobileGestalt.dylib; path = usr/lib/libMobileGestalt.dylib; sourceTree = SDKROOT; };
		B2F35B32189E6AEE00EE5107 /* libz.dylib */ = {isa = PBXFileReference; lastKnownFileType = "compiled.mach-o.dylib"; name = libz.dylib; path = usr/lib/libz.dylib; sourceTree = SDKROOT; };
		B2F35B37189E74F100EE5107 /* QuartzCore.framework */ = {isa = PBXFileReference; lastKnownFileType = wrapper.framework; name = QuartzCore.framework; path = System/Library/Frameworks/QuartzCore.framework; sourceTree = SDKROOT; };
/* End PBXFileReference section */

/* Begin PBXFrameworksBuildPhase section */
		B2D66512189D657A005982F6 /* Frameworks */ = {
			isa = PBXFrameworksBuildPhase;
			buildActionMask = 2147483647;
			files = (
				B2ADAA1318AF9F3100432F1C /* StoreKit.framework in Frameworks */,
				B2057061189F7A1600B698F4 /* AudioToolbox.framework in Frameworks */,
				B202E34B18ACB8BD00AAA50C /* CoreTelephony.framework in Frameworks */,
				B202E34918ACB8B100AAA50C /* AdSupport.framework in Frameworks */,
				B202E34418ACB44300AAA50C /* libGoogleAdMobAds.a in Frameworks */,
				B2057065189F7A2F00B698F4 /* SystemConfiguration.framework in Frameworks */,
				B2057063189F7A2100B698F4 /* MessageUI.framework in Frameworks */,
				B2D6651B189D657A005982F6 /* CoreGraphics.framework in Frameworks */,
				B2B7E38618ACAE1000CA353F /* AVFoundation.framework in Frameworks */,
				B2B7E37418ACAD1000CA353F /* libz.dylib in Frameworks */,
				B2B7E37018ACABC400CA353F /* QuartzCore.framework in Frameworks */,
				B2B7E37318ACAD0400CA353F /* libMobClickLibrary.a in Frameworks */,
				B2D6651D189D657A005982F6 /* UIKit.framework in Frameworks */,
				B2D66519189D657A005982F6 /* Foundation.framework in Frameworks */,
			);
			runOnlyForDeploymentPostprocessing = 0;
		};
/* End PBXFrameworksBuildPhase section */

/* Begin PBXGroup section */
		B202E33818ACB40F00AAA50C /* admob */ = {
			isa = PBXGroup;
			children = (
				B202E33918ACB44300AAA50C /* GADAdMobExtras.h */,
				B202E33A18ACB44300AAA50C /* GADAdNetworkExtras.h */,
				B202E33B18ACB44300AAA50C /* GADAdSize.h */,
				B202E33C18ACB44300AAA50C /* GADBannerView.h */,
				B202E33D18ACB44300AAA50C /* GADBannerViewDelegate.h */,
				B202E33E18ACB44300AAA50C /* GADInterstitial.h */,
				B202E33F18ACB44300AAA50C /* GADInterstitialDelegate.h */,
				B202E34018ACB44300AAA50C /* GADRequest.h */,
				B202E34118ACB44300AAA50C /* GADRequestError.h */,
				B202E34218ACB44300AAA50C /* libGoogleAdMobAds.a */,
				B202E34318ACB44300AAA50C /* README.txt */,
			);
			name = admob;
			sourceTree = "<group>";
		};
		B294F375189E830000DE661F /* umeng */ = {
			isa = PBXGroup;
			children = (
				B2B7E37218ACAD0400CA353F /* libMobClickLibrary.a */,
				B2B7E37118ACACFC00CA353F /* MobClick.h */,
			);
			name = umeng;
			sourceTree = "<group>";
		};
		B294F37C189EAA9A00DE661F /* resoures */ = {
			isa = PBXGroup;
			children = (
				B24F01C918AE865D00658A45 /* navigationbar.png */,
				B24F01C718AE844100658A45 /* banner.png */,
				B294F37F189EAB2400DE661F /* settings.png */,
			);
			name = resoures;
			sourceTree = "<group>";
		};
		B2D6650C189D657A005982F6 = {
			isa = PBXGroup;
			children = (
				B2D6651E189D657A005982F6 /* Kengdie2 */,
				B2D66517189D657A005982F6 /* Frameworks */,
				B2D66516189D657A005982F6 /* Products */,
			);
			sourceTree = "<group>";
		};
		B2D66516189D657A005982F6 /* Products */ = {
			isa = PBXGroup;
			children = (
				B2D66515189D657A005982F6 /* Kengdie2.app */,
			);
			name = Products;
			sourceTree = "<group>";
		};
		B2D66517189D657A005982F6 /* Frameworks */ = {
			isa = PBXGroup;
			children = (
				B2ADAA1218AF9F3100432F1C /* StoreKit.framework */,
				B202E34A18ACB8BD00AAA50C /* CoreTelephony.framework */,
				B202E34618ACB80000AAA50C /* CoreData.framework */,
				B2B7E38518ACAE1000CA353F /* AVFoundation.framework */,
				B2B7E38318ACADFF00CA353F /* AdSupport.framework */,
				B2057064189F7A2F00B698F4 /* SystemConfiguration.framework */,
				B2057062189F7A2100B698F4 /* MessageUI.framework */,
				B2057060189F7A1600B698F4 /* AudioToolbox.framework */,
				B2F35B37189E74F100EE5107 /* QuartzCore.framework */,
				B2F35B32189E6AEE00EE5107 /* libz.dylib */,
				B2F35B30189E68C600EE5107 /* libMobileGestalt.dylib */,
				B2D66518189D657A005982F6 /* Foundation.framework */,
				B2D6651A189D657A005982F6 /* CoreGraphics.framework */,
				B2D6651C189D657A005982F6 /* UIKit.framework */,
				B2D66537189D657A005982F6 /* XCTest.framework */,
			);
			name = Frameworks;
			sourceTree = "<group>";
		};
		B2D6651E189D657A005982F6 /* Kengdie2 */ = {
			isa = PBXGroup;
			children = (
				B202E33818ACB40F00AAA50C /* admob */,
				B294F37C189EAA9A00DE661F /* resoures */,
				B2D66527189D657A005982F6 /* AppDelegate.h */,
				B2D66569189D7AE6005982F6 /* Article.h */,
				B2D6656C189E200F005982F6 /* ArticleDetailViewController.h */,
				B2D66559189D6D60005982F6 /* ArticleListViewController.h */,
				B2D66553189D6ACA005982F6 /* ArticleManager.h */,
				B2D66556189D6BF9005982F6 /* SettingsViewController.h */,
				B2D66528189D657A005982F6 /* AppDelegate.m */,
				B2D6656A189D7AE6005982F6 /* Article.m */,
				B2D6656D189E200F005982F6 /* ArticleDetailViewController.m */,
				B2D6655A189D6D60005982F6 /* ArticleListViewController.m */,
				B2D66554189D6ACA005982F6 /* ArticleManager.m */,
				B2D66557189D6BF9005982F6 /* SettingsViewController.m */,
				B2D66530189D657A005982F6 /* Images.xcassets */,
				B2D6655E189D74E4005982F6 /* article */,
				B2D6652A189D657A005982F6 /* Main.storyboard */,
				B2D6651F189D657A005982F6 /* Supporting Files */,
				B294F375189E830000DE661F /* umeng */,
				B294F37A189EAA7700DE661F /* Media.xcassets */,
			);
			path = Kengdie2;
			sourceTree = "<group>";
		};
		B2D6651F189D657A005982F6 /* Supporting Files */ = {
			isa = PBXGroup;
			children = (
				B2D66520189D657A005982F6 /* Kengdie2-Info.plist */,
				B2D66524189D657A005982F6 /* main.m */,
				B2D66526189D657A005982F6 /* Kengdie2-Prefix.pch */,
			);
			name = "Supporting Files";
			sourceTree = "<group>";
		};
		B2D6655E189D74E4005982F6 /* article */ = {
			isa = PBXGroup;
			children = (
				B2ADA9E218AEA09100432F1C /* 1.jpg */,
				B2ADA9E318AEA09100432F1C /* 2.jpg */,
				B2ADA9E418AEA09100432F1C /* 3.jpg */,
				B2ADA9E518AEA09100432F1C /* 4.jpg */,
				B2ADA9E618AEA09100432F1C /* 5.jpg */,
				B2ADA9E718AEA09100432F1C /* 6.jpg */,
				B2ADA9E818AEA09100432F1C /* 7.jpg */,
				B2ADA9E918AEA09100432F1C /* 8.jpg */,
				B2ADA9EA18AEA09100432F1C /* 9.jpg */,
				B2ADA9EB18AEA09100432F1C /* 10.jpg */,
				B2ADA9EC18AEA09100432F1C /* 11.jpg */,
				B2ADA9ED18AEA09100432F1C /* 12.jpg */,
				B2ADA9EE18AEA09100432F1C /* 13.jpg */,
				B2ADA9EF18AEA09100432F1C /* 14.jpg */,
				B2ADA9F018AEA09100432F1C /* 15.jpg */,
				B2ADA9F118AEA09100432F1C /* 16.jpg */,
				B2ADA9F218AEA09100432F1C /* 17.jpg */,
				B2ADA9F318AEA09100432F1C /* 18.jpg */,
				B2ADA9F418AEA09100432F1C /* 19.jpg */,
				B2ADA9F518AEA09100432F1C /* 20.jpg */,
				B2ADA9F618AEA09100432F1C /* 21.jpg */,
				B2ADA9F718AEA09100432F1C /* 22.jpg */,
				B2ADA9F818AEA09100432F1C /* 23.jpg */,
				B2ADA9F918AEA09100432F1C /* 24.jpg */,
				B2D66570189E2794005982F6 /* 1.txt */,
				B2D66582189E2794005982F6 /* 10.txt */,
				B2D66584189E2794005982F6 /* 11.txt */,
				B2D66586189E2794005982F6 /* 12.txt */,
				B2D66588189E2794005982F6 /* 13.txt */,
				B2D6658A189E2794005982F6 /* 14.txt */,
				B2D6658C189E2794005982F6 /* 15.txt */,
				B2D6658E189E2794005982F6 /* 16.txt */,
				B2D66590189E2794005982F6 /* 17.txt */,
				B2D66592189E2794005982F6 /* 18.txt */,
				B2D66594189E2794005982F6 /* 19.txt */,
				B2D66572189E2794005982F6 /* 2.txt */,
				B2D66596189E2794005982F6 /* 20.txt */,
				B2D66598189E2794005982F6 /* 21.txt */,
				B2D6659A189E2794005982F6 /* 22.txt */,
				B2D6659C189E2794005982F6 /* 23.txt */,
				B2D6659E189E2794005982F6 /* 24.txt */,
				B2D66574189E2794005982F6 /* 3.txt */,
				B2D66576189E2794005982F6 /* 4.txt */,
				B2D66578189E2794005982F6 /* 5.txt */,
				B2D6657A189E2794005982F6 /* 6.txt */,
				B2D6657C189E2794005982F6 /* 7.txt */,
				B2D6657E189E2794005982F6 /* 8.txt */,
				B2D66580189E2794005982F6 /* 9.txt */,
			);
			name = article;
			sourceTree = "<group>";
		};
/* End PBXGroup section */

/* Begin PBXNativeTarget section */
		B2D66514189D657A005982F6 /* Kengdie2 */ = {
			isa = PBXNativeTarget;
			buildConfigurationList = B2D66547189D657A005982F6 /* Build configuration list for PBXNativeTarget "Kengdie2" */;
			buildPhases = (
				B2D66511189D657A005982F6 /* Sources */,
				B2D66512189D657A005982F6 /* Frameworks */,
				B2D66513189D657A005982F6 /* Resources */,
			);
			buildRules = (
			);
			dependencies = (
			);
			name = Kengdie2;
			productName = Kengdie2;
			productReference = B2D66515189D657A005982F6 /* Kengdie2.app */;
			productType = "com.apple.product-type.application";
		};
/* End PBXNativeTarget section */

/* Begin PBXProject section */
		B2D6650D189D657A005982F6 /* Project object */ = {
			isa = PBXProject;
			attributes = {
				LastUpgradeCheck = 0500;
				ORGANIZATIONNAME = "Jiang Jian An";
				TargetAttributes = {
					B2D66514189D657A005982F6 = {
						DevelopmentTeam = QT3SRT2U2Z;
						SystemCapabilities = {
							com.apple.InAppPurchase = {
								enabled = 0;
							};
						};
					};
				};
			};
			buildConfigurationList = B2D66510189D657A005982F6 /* Build configuration list for PBXProject "Kengdie2" */;
			compatibilityVersion = "Xcode 3.2";
			developmentRegion = English;
			hasScannedForEncodings = 0;
			knownRegions = (
				en,
				Base,
				"zh-Hant",
			);
			mainGroup = B2D6650C189D657A005982F6;
			productRefGroup = B2D66516189D657A005982F6 /* Products */;
			projectDirPath = "";
			projectRoot = "";
			targets = (
				B2D66514189D657A005982F6 /* Kengdie2 */,
			);
		};
/* End PBXProject section */

/* Begin PBXResourcesBuildPhase section */
		B2D66513189D657A005982F6 /* Resources */ = {
			isa = PBXResourcesBuildPhase;
			buildActionMask = 2147483647;
			files = (
				B2ADAA0218AEA09100432F1C /* 9.jpg in Resources */,
				B2ADA9FA18AEA09100432F1C /* 1.jpg in Resources */,
				B2ADAA0718AEA09100432F1C /* 14.jpg in Resources */,
				B2ADAA0418AEA09100432F1C /* 11.jpg in Resources */,
				B24F01CA18AE865D00658A45 /* navigationbar.png in Resources */,
				B2D665B4189E2794005982F6 /* 11.txt in Resources */,
				B2ADA9FE18AEA09100432F1C /* 5.jpg in Resources */,
				B2D665A6189E2794005982F6 /* 4.txt in Resources */,
				B2D665CA189E2794005982F6 /* 22.txt in Resources */,
				B2ADAA0518AEA09100432F1C /* 12.jpg in Resources */,
				B2ADA9FC18AEA09100432F1C /* 3.jpg in Resources */,
				B2ADAA0618AEA09100432F1C /* 13.jpg in Resources */,
				B2D665A8189E2794005982F6 /* 5.txt in Resources */,
				B2D665CC189E2794005982F6 /* 23.txt in Resources */,
				B2D665A4189E2794005982F6 /* 3.txt in Resources */,
				B2ADAA1018AEA09100432F1C /* 23.jpg in Resources */,
				B2D665C8189E2794005982F6 /* 21.txt in Resources */,
				B294F37B189EAA7700DE661F /* Media.xcassets in Resources */,
				B2D66531189D657A005982F6 /* Images.xcassets in Resources */,
				B2D665AE189E2794005982F6 /* 8.txt in Resources */,
				B2D665AA189E2794005982F6 /* 6.txt in Resources */,
				B2ADAA0E18AEA09100432F1C /* 21.jpg in Resources */,
				B2ADAA0B18AEA09100432F1C /* 18.jpg in Resources */,
				B2D665A0189E2794005982F6 /* 1.txt in Resources */,
				B2D665AC189E2794005982F6 /* 7.txt in Resources */,
				B2D665BE189E2794005982F6 /* 16.txt in Resources */,
				B202E34518ACB44300AAA50C /* README.txt in Resources */,
				B2D665BC189E2794005982F6 /* 15.txt in Resources */,
				B2ADAA0118AEA09100432F1C /* 8.jpg in Resources */,
				B2ADAA0318AEA09100432F1C /* 10.jpg in Resources */,
				B2D665B2189E2794005982F6 /* 10.txt in Resources */,
				B2ADAA0918AEA09100432F1C /* 16.jpg in Resources */,
				B24F01C818AE844100658A45 /* banner.png in Resources */,
				B2ADA9FF18AEA09100432F1C /* 6.jpg in Resources */,
				B2D665B0189E2794005982F6 /* 9.txt in Resources */,
				B2D665CE189E2794005982F6 /* 24.txt in Resources */,
				B2ADA9FB18AEA09100432F1C /* 2.jpg in Resources */,
				B2ADA9FD18AEA09100432F1C /* 4.jpg in Resources */,
				B2D665C0189E2794005982F6 /* 17.txt in Resources */,
				B2D6652C189D657A005982F6 /* Main.storyboard in Resources */,
				B2ADAA0D18AEA09100432F1C /* 20.jpg in Resources */,
				B2D665C2189E2794005982F6 /* 18.txt in Resources */,
				B2ADAA0C18AEA09100432F1C /* 19.jpg in Resources */,
				B2D665C4189E2794005982F6 /* 19.txt in Resources */,
				B2D665C6189E2794005982F6 /* 20.txt in Resources */,
				B294F380189EAB2400DE661F /* settings.png in Resources */,
				B2D665A2189E2794005982F6 /* 2.txt in Resources */,
				B2ADAA0A18AEA09100432F1C /* 17.jpg in Resources */,
				B2ADAA0818AEA09100432F1C /* 15.jpg in Resources */,
				B2D665B6189E2794005982F6 /* 12.txt in Resources */,
				B2ADAA1118AEA09100432F1C /* 24.jpg in Resources */,
				B2ADAA0018AEA09100432F1C /* 7.jpg in Resources */,
				B2ADAA0F18AEA09100432F1C /* 22.jpg in Resources */,
				B2D665B8189E2794005982F6 /* 13.txt in Resources */,
				B2D665BA189E2794005982F6 /* 14.txt in Resources */,
			);
			runOnlyForDeploymentPostprocessing = 0;
		};
/* End PBXResourcesBuildPhase section */

/* Begin PBXSourcesBuildPhase section */
		B2D66511189D657A005982F6 /* Sources */ = {
			isa = PBXSourcesBuildPhase;
			buildActionMask = 2147483647;
			files = (
				B2D6655B189D6D60005982F6 /* ArticleListViewController.m in Sources */,
				B2D6656B189D7AE6005982F6 /* Article.m in Sources */,
				B2D66529189D657A005982F6 /* AppDelegate.m in Sources */,
				B2D66558189D6BF9005982F6 /* SettingsViewController.m in Sources */,
				B2D66555189D6ACA005982F6 /* ArticleManager.m in Sources */,
				B2D6656E189E200F005982F6 /* ArticleDetailViewController.m in Sources */,
				B2D66525189D657A005982F6 /* main.m in Sources */,
			);
			runOnlyForDeploymentPostprocessing = 0;
		};
/* End PBXSourcesBuildPhase section */

/* Begin PBXVariantGroup section */
		B2D6652A189D657A005982F6 /* Main.storyboard */ = {
			isa = PBXVariantGroup;
			children = (
				B2D6652B189D657A005982F6 /* Base */,
				B2ADAA1618AFD1B100432F1C /* zh-Hans */,
			);
			name = Main.storyboard;
			sourceTree = "<group>";
		};
/* End PBXVariantGroup section */

/* Begin XCBuildConfiguration section */
		B2D66545189D657A005982F6 /* Debug */ = {
			isa = XCBuildConfiguration;
			buildSettings = {
				ALWAYS_SEARCH_USER_PATHS = NO;
				ARCHS = "$(ARCHS_STANDARD_INCLUDING_64_BIT)";
				CLANG_CXX_LANGUAGE_STANDARD = "gnu++0x";
				CLANG_CXX_LIBRARY = "libc++";
				CLANG_ENABLE_MODULES = YES;
				CLANG_ENABLE_OBJC_ARC = YES;
				CLANG_WARN_BOOL_CONVERSION = YES;
				CLANG_WARN_CONSTANT_CONVERSION = YES;
				CLANG_WARN_DIRECT_OBJC_ISA_USAGE = YES_ERROR;
				CLANG_WARN_EMPTY_BODY = YES;
				CLANG_WARN_ENUM_CONVERSION = YES;
				CLANG_WARN_INT_CONVERSION = YES;
				CLANG_WARN_OBJC_ROOT_CLASS = YES_ERROR;
				CLANG_WARN__DUPLICATE_METHOD_MATCH = YES;
				"CODE_SIGN_IDENTITY[sdk=iphoneos*]" = "iPhone Developer";
				COPY_PHASE_STRIP = NO;
				GCC_C_LANGUAGE_STANDARD = gnu99;
				GCC_DYNAMIC_NO_PIC = NO;
				GCC_OPTIMIZATION_LEVEL = 0;
				GCC_PREPROCESSOR_DEFINITIONS = (
					"DEBUG=1",
					"$(inherited)",
				);
				GCC_SYMBOLS_PRIVATE_EXTERN = NO;
				GCC_WARN_64_TO_32_BIT_CONVERSION = YES;
				GCC_WARN_ABOUT_RETURN_TYPE = YES_ERROR;
				GCC_WARN_UNDECLARED_SELECTOR = YES;
				GCC_WARN_UNINITIALIZED_AUTOS = YES;
				GCC_WARN_UNUSED_FUNCTION = YES;
				GCC_WARN_UNUSED_VARIABLE = YES;
				IPHONEOS_DEPLOYMENT_TARGET = 7.0;
				ONLY_ACTIVE_ARCH = YES;
				SDKROOT = iphoneos;
			};
			name = Debug;
		};
		B2D66546189D657A005982F6 /* Release */ = {
			isa = XCBuildConfiguration;
			buildSettings = {
				ALWAYS_SEARCH_USER_PATHS = NO;
				ARCHS = "$(ARCHS_STANDARD_INCLUDING_64_BIT)";
				CLANG_CXX_LANGUAGE_STANDARD = "gnu++0x";
				CLANG_CXX_LIBRARY = "libc++";
				CLANG_ENABLE_MODULES = YES;
				CLANG_ENABLE_OBJC_ARC = YES;
				CLANG_WARN_BOOL_CONVERSION = YES;
				CLANG_WARN_CONSTANT_CONVERSION = YES;
				CLANG_WARN_DIRECT_OBJC_ISA_USAGE = YES_ERROR;
				CLANG_WARN_EMPTY_BODY = YES;
				CLANG_WARN_ENUM_CONVERSION = YES;
				CLANG_WARN_INT_CONVERSION = YES;
				CLANG_WARN_OBJC_ROOT_CLASS = YES_ERROR;
				CLANG_WARN__DUPLICATE_METHOD_MATCH = YES;
				"CODE_SIGN_IDENTITY[sdk=iphoneos*]" = "iPhone Developer";
				COPY_PHASE_STRIP = YES;
				ENABLE_NS_ASSERTIONS = NO;
				GCC_C_LANGUAGE_STANDARD = gnu99;
				GCC_WARN_64_TO_32_BIT_CONVERSION = YES;
				GCC_WARN_ABOUT_RETURN_TYPE = YES_ERROR;
				GCC_WARN_UNDECLARED_SELECTOR = YES;
				GCC_WARN_UNINITIALIZED_AUTOS = YES;
				GCC_WARN_UNUSED_FUNCTION = YES;
				GCC_WARN_UNUSED_VARIABLE = YES;
				IPHONEOS_DEPLOYMENT_TARGET = 7.0;
				SDKROOT = iphoneos;
				VALIDATE_PRODUCT = YES;
			};
			name = Release;
		};
		B2D66548189D657A005982F6 /* Debug */ = {
			isa = XCBuildConfiguration;
			buildSettings = {
				ASSETCATALOG_COMPILER_APPICON_NAME = AppIcon;
				ASSETCATALOG_COMPILER_LAUNCHIMAGE_NAME = LaunchImage;
				CODE_SIGN_IDENTITY = "iPhone Developer";
				"CODE_SIGN_IDENTITY[sdk=iphoneos*]" = "iPhone Developer";
				GCC_PRECOMPILE_PREFIX_HEADER = YES;
				GCC_PREFIX_HEADER = "Kengdie2/Kengdie2-Prefix.pch";
				INFOPLIST_FILE = "Kengdie2/Kengdie2-Info.plist";
				LIBRARY_SEARCH_PATHS = (
					"$(inherited)",
					/Users/johnny/Desktop/Developer/Kengdie2/Kengdie2,
					"/Users/johnny/Desktop/Developer/Kengdie2/Kengdie2/Add-ons/GoogleAnalyticsServicesiOS_3.0/GoogleAnalytics/Library",
					"/Users/johnny/Desktop/Developer/Kengdie2/Kengdie2/Add-ons/GoogleAnalyticsServicesiOS_3.0",
				);
				OTHER_LDFLAGS = "-ObjC";
				PRODUCT_NAME = "$(TARGET_NAME)";
				PROVISIONING_PROFILE = "3BD17410-3A6B-4454-9365-5979A35CA9E1";
				WRAPPER_EXTENSION = app;
			};
			name = Debug;
		};
		B2D66549189D657A005982F6 /* Release */ = {
			isa = XCBuildConfiguration;
			buildSettings = {
				ASSETCATALOG_COMPILER_APPICON_NAME = AppIcon;
				ASSETCATALOG_COMPILER_LAUNCHIMAGE_NAME = LaunchImage;
				CODE_SIGN_IDENTITY = "iPhone Developer";
				"CODE_SIGN_IDENTITY[sdk=iphoneos*]" = "iPhone Developer";
				GCC_PRECOMPILE_PREFIX_HEADER = YES;
				GCC_PREFIX_HEADER = "Kengdie2/Kengdie2-Prefix.pch";
				INFOPLIST_FILE = "Kengdie2/Kengdie2-Info.plist";
				LIBRARY_SEARCH_PATHS = (
					"$(inherited)",
					/Users/johnny/Desktop/Developer/Kengdie2/Kengdie2,
					"/Users/johnny/Desktop/Developer/Kengdie2/Kengdie2/Add-ons/GoogleAnalyticsServicesiOS_3.0/GoogleAnalytics/Library",
					"/Users/johnny/Desktop/Developer/Kengdie2/Kengdie2/Add-ons/GoogleAnalyticsServicesiOS_3.0",
				);
				OTHER_LDFLAGS = "-ObjC";
				PRODUCT_NAME = "$(TARGET_NAME)";
				PROVISIONING_PROFILE = "3BD17410-3A6B-4454-9365-5979A35CA9E1";
				WRAPPER_EXTENSION = app;
			};
			name = Release;
		};
/* End XCBuildConfiguration section */

/* Begin XCConfigurationList section */
		B2D66510189D657A005982F6 /* Build configuration list for PBXProject "Kengdie2" */ = {
			isa = XCConfigurationList;
			buildConfigurations = (
				B2D66545189D657A005982F6 /* Debug */,
				B2D66546189D657A005982F6 /* Release */,
			);
			defaultConfigurationIsVisible = 0;
			defaultConfigurationName = Release;
		};
		B2D66547189D657A005982F6 /* Build configuration list for PBXNativeTarget "Kengdie2" */ = {
			isa = XCConfigurationList;
			buildConfigurations = (
				B2D66548189D657A005982F6 /* Debug */,
				B2D66549189D657A005982F6 /* Release */,
			);
			defaultConfigurationIsVisible = 0;
			defaultConfigurationName = Release;
		};
/* End XCConfigurationList section */
	};
	rootObject = B2D6650D189D657A005982F6 /* Project object */;
}
